{
    "_meta": {
        "hash": {
            "sha256": "ab3eec1e50cab6e93dacfb9ba32b4fbf7c37165ab1b282537762f80d86e27014"
        },
        "pipfile-spec": 6,
        "requires": {
            "python_version": "3.8"
        },
        "sources": [
            {
                "name": "pypi",
                "url": "https://pypi.org/simple",
                "verify_ssl": true
            }
        ]
    },
    "default": {
        "asttokens": {
            "hashes": [
                "sha256:0844691e88552595a6f4a4281a9f7f79b8dd45ca4ccea82e5e05b4bbdb76705c",
                "sha256:9a54c114f02c7a9480d56550932546a3f1fe71d8a02f1bc7ccd0ee3ee35cf4d5"
            ],
            "version": "==2.0.5"
        },
        "colorama": {
            "hashes": [
                "sha256:5941b2b48a20143d2267e95b1c2a7603ce057ee39fd88e7329b0c292aa16869b",
                "sha256:9f47eda37229f68eee03b24b9748937c7dc3868f906e8ba69fbcbdd3bc5dc3e2"
            ],
            "markers": "python_version >= '2.7' and python_version not in '3.0, 3.1, 3.2, 3.3, 3.4'",
            "version": "==0.4.4"
        },
        "decorator": {
            "hashes": [
                "sha256:6e5c199c16f7a9f0e3a61a4a54b3d27e7dad0dbdde92b944426cb20914376323",
                "sha256:72ecfba4320a893c53f9706bebb2d55c270c1e51a28789361aa93e4a21319ed5"
            ],
            "markers": "python_version >= '3.5'",
            "version": "==5.0.9"
        },
        "executing": {
            "hashes": [
                "sha256:1971c98963857f2c03f4b688d93fc4b28ce756bd102955ea8ea7ce0a7fd9a28f",
                "sha256:509fe590e9da1c0659a273c42493a25af6f43d61cf36f085fc1b6cf2c6419d1f"
            ],
            "version": "==0.7.0"
        },
        "icecream": {
            "hashes": [
                "sha256:47e00e3f4e8477996e7dc420b6fa8ba53f8ced17de65320fedb5b15997b76589",
                "sha256:adc1c48f5a4f83b2171c774a35142f217d317a84fca8cdf3fc65aa1321ff26b6"
            ],
            "index": "pypi",
            "version": "==2.1.1"
        },
        "pinject": {
            "hashes": [
                "sha256:0f0a0b14f9df87a85b529a21cdaf530269b1f24fb303d418583a12bb53f69382",
                "sha256:dfc4981a36d3f7cf2fa82bd8922f713c769004fe7af935def3e2a52147aeda66"
            ],
            "index": "pypi",
            "version": "==0.14.1"
        },
        "pygments": {
            "hashes": [
                "sha256:a18f47b506a429f6f4b9df81bb02beab9ca21d0a5fee38ed15aef65f0545519f",
                "sha256:d66e804411278594d764fc69ec36ec13d9ae9147193a1740cd34d272ca383b8e"
            ],
            "markers": "python_version >= '3.5'",
            "version": "==2.9.0"
        },
        "six": {
            "hashes": [
                "sha256:1e61c37477a1626458e36f7b1d82aa5c9b094fa4802892072e49de9c60c4c926",
                "sha256:8abb2f1d86890a2dfb989f9a77cfcfd3e47c2a354b01111771326f8aa26e0254"
            ],
            "markers": "python_version >= '2.7' and python_version not in '3.0, 3.1, 3.2, 3.3'",
            "version": "==1.16.0"
        }
    },
    "develop": {}
}
